
Microsoft Visual Studio Solution File, Format Version 12.00
# Visual Studio Version 17
VisualStudioVersion = 17.14.36109.1 d17.14
MinimumVisualStudioVersion = 10.0.40219.1
Project("{FAE04EC0-301F-11D3-BF4B-00C04F79EFBC}") = "pratice", "pratice\pratice.csproj", "{A62B72FA-BAAA-4763-BE3E-4EFFC48E6ECB}"
EndProject
Global
	GlobalSection(SolutionConfigurationPlatforms) = preSolution
		Debug|Any CPU = Debug|Any CPU
		Release|Any CPU = Release|Any CPU
	EndGlobalSection
	GlobalSection(ProjectConfigurationPlatforms) = postSolution
		{A62B72FA-BAAA-4763-BE3E-4EFFC48E6ECB}.Debug|Any CPU.ActiveCfg = Debug|Any CPU
		{A62B72FA-BAAA-4763-BE3E-4EFFC48E6ECB}.Debug|Any CPU.Build.0 = Debug|Any CPU
		{A62B72FA-BAAA-4763-BE3E-4EFFC48E6ECB}.Release|Any CPU.ActiveCfg = Release|Any CPU
		{A62B72FA-BAAA-4763-BE3E-4EFFC48E6ECB}.Release|Any CPU.Build.0 = Release|Any CPU
	EndGlobalSection
	GlobalSection(SolutionProperties) = preSolution
		HideSolutionNode = FALSE
	EndGlobalSection
	GlobalSection(ExtensibilityGlobals) = postSolution
		SolutionGuid = {07DFE3DE-DA5B-4D7A-9AD4-140A858A62B0}
	EndGlobalSection
EndGlobal
